
Microsoft Visual Studio Solution File, Format Version 12.00
# Visual Studio Version 17
VisualStudioVersion = 17.7.34221.43
MinimumVisualStudioVersion = 10.0.40219.1
Project("{FAE04EC0-301F-11D3-BF4B-00C04F79EFBC}") = "Assignment09", "Assignment09\Assignment09.csproj", "{47CC622C-9E8C-48E3-AFE6-59DFDA871175}"
EndProject
Global
	GlobalSection(SolutionConfigurationPlatforms) = preSolution
		Debug|Any CPU = Debug|Any CPU
		Release|Any CPU = Release|Any CPU
	EndGlobalSection
	GlobalSection(ProjectConfigurationPlatforms) = postSolution
		{47CC622C-9E8C-48E3-AFE6-59DFDA871175}.Debug|Any CPU.ActiveCfg = Debug|Any CPU
		{47CC622C-9E8C-48E3-AFE6-59DFDA871175}.Debug|Any CPU.Build.0 = Debug|Any CPU
		{47CC622C-9E8C-48E3-AFE6-59DFDA871175}.Release|Any CPU.ActiveCfg = Release|Any CPU
		{47CC622C-9E8C-48E3-AFE6-59DFDA871175}.Release|Any CPU.Build.0 = Release|Any CPU
	EndGlobalSection
	GlobalSection(SolutionProperties) = preSolution
		HideSolutionNode = FALSE
	EndGlobalSection
	GlobalSection(ExtensibilityGlobals) = postSolution
		SolutionGuid = {6D93CD88-B4DD-42D2-9911-3FAA4ACB42AF}
	EndGlobalSection
EndGlobal
